
Microsoft Visual Studio Solution File, Format Version 12.00
# Visual Studio Version 16
VisualStudioVersion = 16.0.32106.194
MinimumVisualStudioVersion = 10.0.40219.1
Project("{FAE04EC0-301F-11D3-BF4B-00C04F79EFBC}") = "GenSpark4ConsoleApp", "GenSpark4ConsoleApp\GenSpark4ConsoleApp.csproj", "{3B75854F-C09C-49D9-9C0E-F78A27C9385F}"
EndProject
Project("{FAE04EC0-301F-11D3-BF4B-00C04F79EFBC}") = "TestProject", "TestProject\TestProject.csproj", "{B127B019-67B3-45E9-8F8B-295B9F765E56}"
EndProject
Project("{FAE04EC0-301F-11D3-BF4B-00C04F79EFBC}") = "Utils", "Utils\Utils.csproj", "{109F9A72-8DE2-4A03-9316-0A62F5A0E5AF}"
EndProject
Project("{FAE04EC0-301F-11D3-BF4B-00C04F79EFBC}") = "MVCExample", "MVCExample\MVCExample.csproj", "{8860070B-8F7E-4BF8-BD36-C184171BAB36}"
EndProject
Global
	GlobalSection(SolutionConfigurationPlatforms) = preSolution
		Debug|Any CPU = Debug|Any CPU
		Release|Any CPU = Release|Any CPU
	EndGlobalSection
	GlobalSection(ProjectConfigurationPlatforms) = postSolution
		{3B75854F-C09C-49D9-9C0E-F78A27C9385F}.Debug|Any CPU.ActiveCfg = Debug|Any CPU
		{3B75854F-C09C-49D9-9C0E-F78A27C9385F}.Debug|Any CPU.Build.0 = Debug|Any CPU
		{3B75854F-C09C-49D9-9C0E-F78A27C9385F}.Release|Any CPU.ActiveCfg = Release|Any CPU
		{3B75854F-C09C-49D9-9C0E-F78A27C9385F}.Release|Any CPU.Build.0 = Release|Any CPU
		{B127B019-67B3-45E9-8F8B-295B9F765E56}.Debug|Any CPU.ActiveCfg = Debug|Any CPU
		{B127B019-67B3-45E9-8F8B-295B9F765E56}.Debug|Any CPU.Build.0 = Debug|Any CPU
		{B127B019-67B3-45E9-8F8B-295B9F765E56}.Release|Any CPU.ActiveCfg = Release|Any CPU
		{B127B019-67B3-45E9-8F8B-295B9F765E56}.Release|Any CPU.Build.0 = Release|Any CPU
		{109F9A72-8DE2-4A03-9316-0A62F5A0E5AF}.Debug|Any CPU.ActiveCfg = Debug|Any CPU
		{109F9A72-8DE2-4A03-9316-0A62F5A0E5AF}.Debug|Any CPU.Build.0 = Debug|Any CPU
		{109F9A72-8DE2-4A03-9316-0A62F5A0E5AF}.Release|Any CPU.ActiveCfg = Release|Any CPU
		{109F9A72-8DE2-4A03-9316-0A62F5A0E5AF}.Release|Any CPU.Build.0 = Release|Any CPU
		{8860070B-8F7E-4BF8-BD36-C184171BAB36}.Debug|Any CPU.ActiveCfg = Debug|Any CPU
		{8860070B-8F7E-4BF8-BD36-C184171BAB36}.Debug|Any CPU.Build.0 = Debug|Any CPU
		{8860070B-8F7E-4BF8-BD36-C184171BAB36}.Release|Any CPU.ActiveCfg = Release|Any CPU
		{8860070B-8F7E-4BF8-BD36-C184171BAB36}.Release|Any CPU.Build.0 = Release|Any CPU
	EndGlobalSection
	GlobalSection(SolutionProperties) = preSolution
		HideSolutionNode = FALSE
	EndGlobalSection
	GlobalSection(ExtensibilityGlobals) = postSolution
		SolutionGuid = {21406C1F-DBFF-4A15-A1D8-9B1A9B71C2A5}
	EndGlobalSection
EndGlobal
